PODS:
  - RxCocoa (3.4.0):
    - RxSwift (~> 3.4)
  - RxSwift (3.4.0)
  - Then (2.1.0)

DEPENDENCIES:
  - RxCocoa
  - RxSwift
  - Then

SPEC CHECKSUMS:
  RxCocoa: d14ef6b6029e1ddc6e966508c09289090de68ff9
  RxSwift: 3789a1af753002a14edecdb698a2424624296a9c
  Then: 8496793c8fcac95482b943909b440724c7d8d82c

PODFILE CHECKSUM: fbb51e7b714cc7e2bfef5e4ca00caf7c889e1613

COCOAPODS: 1.2.0
