// !$*UTF8*$!
{
	archiveVersion = 1;
	classes = {
	};
	objectVersion = 46;
	objects = {

/* Begin PBXBuildFile section */
		76C569D1651AF802F5CFA347 /* Pods_AdCrush.framework in Frameworks */ = {isa = PBXBuildFile; fileRef = 0ABECBB54C671BDCD14D6BC9 /* Pods_AdCrush.framework */; };
		A70063361EC003D300678380 /* MenuItemType.swift in Sources */ = {isa = PBXBuildFile; fileRef = A70063351EC003D300678380 /* MenuItemType.swift */; };
		A70063391EC0096800678380 /* Baloo-Regular.ttf in Resources */ = {isa = PBXBuildFile; fileRef = A70063371EC007DC00678380 /* Baloo-Regular.ttf */; };
		A700633B1EC01C2500678380 /* ForSaleItem.swift in Sources */ = {isa = PBXBuildFile; fileRef = A700633A1EC01C2500678380 /* ForSaleItem.swift */; };
		A700633D1EC01F3000678380 /* ForSaleItemCell.swift in Sources */ = {isa = PBXBuildFile; fileRef = A700633C1EC01F3000678380 /* ForSaleItemCell.swift */; };
		A700633F1EC0C54700678380 /* ItemLevel.swift in Sources */ = {isa = PBXBuildFile; fileRef = A700633E1EC0C54700678380 /* ItemLevel.swift */; };
		A70063411EC0D5E400678380 /* RealmController.swift in Sources */ = {isa = PBXBuildFile; fileRef = A70063401EC0D5E400678380 /* RealmController.swift */; };
		A7577FE61EBF8048001BAB44 /* GameElement.swift in Sources */ = {isa = PBXBuildFile; fileRef = A7577FE51EBF8048001BAB44 /* GameElement.swift */; };
		A7577FE81EBF8489001BAB44 /* KarmaCounter.swift in Sources */ = {isa = PBXBuildFile; fileRef = A7577FE71EBF8489001BAB44 /* KarmaCounter.swift */; };
		A7577FEA1EBF882E001BAB44 /* BottomMenu.swift in Sources */ = {isa = PBXBuildFile; fileRef = A7577FE91EBF882E001BAB44 /* BottomMenu.swift */; };
		A776BDAA1EBF98CB0025ED65 /* GameController.swift in Sources */ = {isa = PBXBuildFile; fileRef = A776BDA91EBF98CB0025ED65 /* GameController.swift */; };
		A776BDAC1EBF98D80025ED65 /* User.swift in Sources */ = {isa = PBXBuildFile; fileRef = A776BDAB1EBF98D80025ED65 /* User.swift */; };
		A776BDAF1EBF998F0025ED65 /* Palette.swift in Sources */ = {isa = PBXBuildFile; fileRef = A776BDAE1EBF998F0025ED65 /* Palette.swift */; };
		A776BDB11EBFA85F0025ED65 /* BuyMenu.swift in Sources */ = {isa = PBXBuildFile; fileRef = A776BDB01EBFA85F0025ED65 /* BuyMenu.swift */; };
		A78AA2E41EB7CB3E00D00A30 /* AppDelegate.swift in Sources */ = {isa = PBXBuildFile; fileRef = A78AA2E31EB7CB3E00D00A30 /* AppDelegate.swift */; };
		A78AA2E61EB7CB3E00D00A30 /* AdCrushVC.swift in Sources */ = {isa = PBXBuildFile; fileRef = A78AA2E51EB7CB3E00D00A30 /* AdCrushVC.swift */; };
		A78AA2E91EB7CB3E00D00A30 /* Main.storyboard in Resources */ = {isa = PBXBuildFile; fileRef = A78AA2E71EB7CB3E00D00A30 /* Main.storyboard */; };
		A78AA2EB1EB7CB3E00D00A30 /* Assets.xcassets in Resources */ = {isa = PBXBuildFile; fileRef = A78AA2EA1EB7CB3E00D00A30 /* Assets.xcassets */; };
		A7C243261EB95D290005A5DE /* SpriteKit-Extensions.swift in Sources */ = {isa = PBXBuildFile; fileRef = A7C243251EB95D290005A5DE /* SpriteKit-Extensions.swift */; };
		A7C243281EB9698B0005A5DE /* AudioNode.swift in Sources */ = {isa = PBXBuildFile; fileRef = A7C243271EB9698B0005A5DE /* AudioNode.swift */; };
		A7C772691ECCB4DA00DED8EF /* VT323-Regular.ttf in Resources */ = {isa = PBXBuildFile; fileRef = A7C772681ECCB4DA00DED8EF /* VT323-Regular.ttf */; };
		B524D3FB1EC4C07400251020 /* KPSCounter.swift in Sources */ = {isa = PBXBuildFile; fileRef = B524D3FA1EC4C07400251020 /* KPSCounter.swift */; };
		B53403A81EB8ECFF003AA4B3 /* GameScene.swift in Sources */ = {isa = PBXBuildFile; fileRef = B53403A71EB8ECFF003AA4B3 /* GameScene.swift */; };
		B53403CF1EB8F434003AA4B3 /* Extensions.swift in Sources */ = {isa = PBXBuildFile; fileRef = B53403CE1EB8F434003AA4B3 /* Extensions.swift */; };
		B53403D21EB8F6E0003AA4B3 /* Advertisement.swift in Sources */ = {isa = PBXBuildFile; fileRef = B53403D11EB8F6E0003AA4B3 /* Advertisement.swift */; };
		B537E2491EC5474300699FFD /* crumple4.aif in Resources */ = {isa = PBXBuildFile; fileRef = B537E2451EC5474300699FFD /* crumple4.aif */; };
		B537E24A1EC5474300699FFD /* crumple3.aif in Resources */ = {isa = PBXBuildFile; fileRef = B537E2461EC5474300699FFD /* crumple3.aif */; };
		B537E24B1EC5474300699FFD /* crumple2.aif in Resources */ = {isa = PBXBuildFile; fileRef = B537E2471EC5474300699FFD /* crumple2.aif */; };
		B537E24C1EC5474300699FFD /* crumple1.aif in Resources */ = {isa = PBXBuildFile; fileRef = B537E2481EC5474300699FFD /* crumple1.aif */; };
		B543639C1EC5056500B72B71 /* CrushAnimation.swift in Sources */ = {isa = PBXBuildFile; fileRef = B543639B1EC5056500B72B71 /* CrushAnimation.swift */; };
/* End PBXBuildFile section */

/* Begin PBXFileReference section */
		0ABECBB54C671BDCD14D6BC9 /* Pods_AdCrush.framework */ = {isa = PBXFileReference; explicitFileType = wrapper.framework; includeInIndex = 0; path = Pods_AdCrush.framework; sourceTree = BUILT_PRODUCTS_DIR; };
		901D475C6EE6B130B58EE47C /* Pods-AdCrush.release.xcconfig */ = {isa = PBXFileReference; includeInIndex = 1; lastKnownFileType = text.xcconfig; name = "Pods-AdCrush.release.xcconfig"; path = "Pods/Target Support Files/Pods-AdCrush/Pods-AdCrush.release.xcconfig"; sourceTree = "<group>"; };
		A408D82485CDE34C981A679C /* Pods-AdCrush.debug.xcconfig */ = {isa = PBXFileReference; includeInIndex = 1; lastKnownFileType = text.xcconfig; name = "Pods-AdCrush.debug.xcconfig"; path = "Pods/Target Support Files/Pods-AdCrush/Pods-AdCrush.debug.xcconfig"; sourceTree = "<group>"; };
		A70063351EC003D300678380 /* MenuItemType.swift */ = {isa = PBXFileReference; fileEncoding = 4; lastKnownFileType = sourcecode.swift; path = MenuItemType.swift; sourceTree = "<group>"; };
		A70063371EC007DC00678380 /* Baloo-Regular.ttf */ = {isa = PBXFileReference; lastKnownFileType = file; name = "Baloo-Regular.ttf"; path = "Assets.xcassets/Baloo-Regular.dataset/Baloo-Regular.ttf"; sourceTree = "<group>"; };
		A700633A1EC01C2500678380 /* ForSaleItem.swift */ = {isa = PBXFileReference; fileEncoding = 4; lastKnownFileType = sourcecode.swift; path = ForSaleItem.swift; sourceTree = "<group>"; };
		A700633C1EC01F3000678380 /* ForSaleItemCell.swift */ = {isa = PBXFileReference; fileEncoding = 4; lastKnownFileType = sourcecode.swift; path = ForSaleItemCell.swift; sourceTree = "<group>"; };
		A700633E1EC0C54700678380 /* ItemLevel.swift */ = {isa = PBXFileReference; fileEncoding = 4; lastKnownFileType = sourcecode.swift; path = ItemLevel.swift; sourceTree = "<group>"; };
		A70063401EC0D5E400678380 /* RealmController.swift */ = {isa = PBXFileReference; fileEncoding = 4; lastKnownFileType = sourcecode.swift; path = RealmController.swift; sourceTree = "<group>"; };
		A7577FE51EBF8048001BAB44 /* GameElement.swift */ = {isa = PBXFileReference; fileEncoding = 4; lastKnownFileType = sourcecode.swift; path = GameElement.swift; sourceTree = "<group>"; };
		A7577FE71EBF8489001BAB44 /* KarmaCounter.swift */ = {isa = PBXFileReference; fileEncoding = 4; lastKnownFileType = sourcecode.swift; path = KarmaCounter.swift; sourceTree = "<group>"; };
		A7577FE91EBF882E001BAB44 /* BottomMenu.swift */ = {isa = PBXFileReference; fileEncoding = 4; lastKnownFileType = sourcecode.swift; path = BottomMenu.swift; sourceTree = "<group>"; };
		A776BDA91EBF98CB0025ED65 /* GameController.swift */ = {isa = PBXFileReference; fileEncoding = 4; lastKnownFileType = sourcecode.swift; name = GameController.swift; path = AdCrush/GameController.swift; sourceTree = "<group>"; };
		A776BDAB1EBF98D80025ED65 /* User.swift */ = {isa = PBXFileReference; fileEncoding = 4; lastKnownFileType = sourcecode.swift; name = User.swift; path = AdCrush/User.swift; sourceTree = "<group>"; };
		A776BDAE1EBF998F0025ED65 /* Palette.swift */ = {isa = PBXFileReference; fileEncoding = 4; lastKnownFileType = sourcecode.swift; path = Palette.swift; sourceTree = "<group>"; };
		A776BDB01EBFA85F0025ED65 /* BuyMenu.swift */ = {isa = PBXFileReference; fileEncoding = 4; lastKnownFileType = sourcecode.swift; path = BuyMenu.swift; sourceTree = "<group>"; };
		A78AA2E01EB7CB3E00D00A30 /* AdCrush.app */ = {isa = PBXFileReference; explicitFileType = wrapper.application; includeInIndex = 0; path = AdCrush.app; sourceTree = BUILT_PRODUCTS_DIR; };
		A78AA2E31EB7CB3E00D00A30 /* AppDelegate.swift */ = {isa = PBXFileReference; lastKnownFileType = sourcecode.swift; path = AppDelegate.swift; sourceTree = "<group>"; };
		A78AA2E51EB7CB3E00D00A30 /* AdCrushVC.swift */ = {isa = PBXFileReference; lastKnownFileType = sourcecode.swift; path = AdCrushVC.swift; sourceTree = "<group>"; };
		A78AA2E81EB7CB3E00D00A30 /* Base */ = {isa = PBXFileReference; lastKnownFileType = file.storyboard; name = Base; path = Base.lproj/Main.storyboard; sourceTree = "<group>"; };
		A78AA2EA1EB7CB3E00D00A30 /* Assets.xcassets */ = {isa = PBXFileReference; lastKnownFileType = folder.assetcatalog; path = Assets.xcassets; sourceTree = "<group>"; };
		A78AA2EF1EB7CB3E00D00A30 /* Info.plist */ = {isa = PBXFileReference; lastKnownFileType = text.plist.xml; path = Info.plist; sourceTree = "<group>"; };
		A7C243251EB95D290005A5DE /* SpriteKit-Extensions.swift */ = {isa = PBXFileReference; fileEncoding = 4; lastKnownFileType = sourcecode.swift; path = "SpriteKit-Extensions.swift"; sourceTree = "<group>"; };
		A7C243271EB9698B0005A5DE /* AudioNode.swift */ = {isa = PBXFileReference; fileEncoding = 4; lastKnownFileType = sourcecode.swift; path = AudioNode.swift; sourceTree = "<group>"; };
		A7C772681ECCB4DA00DED8EF /* VT323-Regular.ttf */ = {isa = PBXFileReference; lastKnownFileType = file; name = "VT323-Regular.ttf"; path = "Assets.xcassets/VT323-Regular.dataset/VT323-Regular.ttf"; sourceTree = "<group>"; };
		B524D3FA1EC4C07400251020 /* KPSCounter.swift */ = {isa = PBXFileReference; fileEncoding = 4; lastKnownFileType = sourcecode.swift; path = KPSCounter.swift; sourceTree = "<group>"; };
		B53403A71EB8ECFF003AA4B3 /* GameScene.swift */ = {isa = PBXFileReference; fileEncoding = 4; lastKnownFileType = sourcecode.swift; path = GameScene.swift; sourceTree = "<group>"; };
		B53403CE1EB8F434003AA4B3 /* Extensions.swift */ = {isa = PBXFileReference; fileEncoding = 4; lastKnownFileType = sourcecode.swift; path = Extensions.swift; sourceTree = "<group>"; };
		B53403D11EB8F6E0003AA4B3 /* Advertisement.swift */ = {isa = PBXFileReference; fileEncoding = 4; lastKnownFileType = sourcecode.swift; path = Advertisement.swift; sourceTree = "<group>"; };
		B537E2451EC5474300699FFD /* crumple4.aif */ = {isa = PBXFileReference; lastKnownFileType = file; path = crumple4.aif; sourceTree = "<group>"; };
		B537E2461EC5474300699FFD /* crumple3.aif */ = {isa = PBXFileReference; lastKnownFileType = file; path = crumple3.aif; sourceTree = "<group>"; };
		B537E2471EC5474300699FFD /* crumple2.aif */ = {isa = PBXFileReference; lastKnownFileType = file; path = crumple2.aif; sourceTree = "<group>"; };
		B537E2481EC5474300699FFD /* crumple1.aif */ = {isa = PBXFileReference; lastKnownFileType = file; path = crumple1.aif; sourceTree = "<group>"; };
		B543639B1EC5056500B72B71 /* CrushAnimation.swift */ = {isa = PBXFileReference; fileEncoding = 4; lastKnownFileType = sourcecode.swift; path = CrushAnimation.swift; sourceTree = "<group>"; };
/* End PBXFileReference section */

/* Begin PBXFrameworksBuildPhase section */
		A78AA2DD1EB7CB3E00D00A30 /* Frameworks */ = {
			isa = PBXFrameworksBuildPhase;
			buildActionMask = 2147483647;
			files = (
				76C569D1651AF802F5CFA347 /* Pods_AdCrush.framework in Frameworks */,
			);
			runOnlyForDeploymentPostprocessing = 0;
		};
/* End PBXFrameworksBuildPhase section */

/* Begin PBXGroup section */
		528215132C3BF7B804264CF5 /* Frameworks */ = {
			isa = PBXGroup;
			children = (
				0ABECBB54C671BDCD14D6BC9 /* Pods_AdCrush.framework */,
			);
			name = Frameworks;
			sourceTree = "<group>";
		};
		A483FEFCF82D492A8582611A /* Pods */ = {
			isa = PBXGroup;
			children = (
				A408D82485CDE34C981A679C /* Pods-AdCrush.debug.xcconfig */,
				901D475C6EE6B130B58EE47C /* Pods-AdCrush.release.xcconfig */,
			);
			name = Pods;
			sourceTree = "<group>";
		};
		A7577FDC1EBF79D9001BAB44 /* Controllers */ = {
			isa = PBXGroup;
			children = (
				A776BDA91EBF98CB0025ED65 /* GameController.swift */,
				A70063401EC0D5E400678380 /* RealmController.swift */,
			);
			name = Controllers;
			path = ..;
			sourceTree = "<group>";
		};
		A7577FE11EBF7A87001BAB44 /* Models */ = {
			isa = PBXGroup;
			children = (
				A776BDAB1EBF98D80025ED65 /* User.swift */,
				A70063351EC003D300678380 /* MenuItemType.swift */,
				A700633A1EC01C2500678380 /* ForSaleItem.swift */,
				A700633E1EC0C54700678380 /* ItemLevel.swift */,
			);
			name = Models;
			path = ..;
			sourceTree = "<group>";
		};
		A7577FE41EBF7FCF001BAB44 /* Protocols */ = {
			isa = PBXGroup;
			children = (
				A7577FE51EBF8048001BAB44 /* GameElement.swift */,
			);
			name = Protocols;
			sourceTree = "<group>";
		};
		A776BDAD1EBF997D0025ED65 /* Library */ = {
			isa = PBXGroup;
			children = (
				A776BDAE1EBF998F0025ED65 /* Palette.swift */,
			);
			name = Library;
			path = ..;
			sourceTree = "<group>";
		};
		A78AA2D71EB7CB3E00D00A30 = {
			isa = PBXGroup;
			children = (
				A78AA2E21EB7CB3E00D00A30 /* AdCrush */,
				A78AA2E11EB7CB3E00D00A30 /* Products */,
				A483FEFCF82D492A8582611A /* Pods */,
				528215132C3BF7B804264CF5 /* Frameworks */,
			);
			sourceTree = "<group>";
		};
		A78AA2E11EB7CB3E00D00A30 /* Products */ = {
			isa = PBXGroup;
			children = (
				A78AA2E01EB7CB3E00D00A30 /* AdCrush.app */,
			);
			name = Products;
			sourceTree = "<group>";
		};
		A78AA2E21EB7CB3E00D00A30 /* AdCrush */ = {
			isa = PBXGroup;
			children = (
				A78AA2E31EB7CB3E00D00A30 /* AppDelegate.swift */,
				A78AA2EA1EB7CB3E00D00A30 /* Assets.xcassets */,
				A70063371EC007DC00678380 /* Baloo-Regular.ttf */,
				A7C772681ECCB4DA00DED8EF /* VT323-Regular.ttf */,
				A7577FDC1EBF79D9001BAB44 /* Controllers */,
				B53403CD1EB8F42A003AA4B3 /* Extensions */,
				A776BDAD1EBF997D0025ED65 /* Library */,
				A7577FE11EBF7A87001BAB44 /* Models */,
				B53403D01EB8F6D2003AA4B3 /* Nodes */,
				A7577FE41EBF7FCF001BAB44 /* Protocols */,
				B53403A61EB8E201003AA4B3 /* View */,
				A78AA2E71EB7CB3E00D00A30 /* Main.storyboard */,
				B537E2451EC5474300699FFD /* crumple4.aif */,
				B537E2461EC5474300699FFD /* crumple3.aif */,
				B537E2471EC5474300699FFD /* crumple2.aif */,
				B537E2481EC5474300699FFD /* crumple1.aif */,
				A78AA2EF1EB7CB3E00D00A30 /* Info.plist */,
			);
			path = AdCrush;
			sourceTree = "<group>";
		};
		B53403A61EB8E201003AA4B3 /* View */ = {
			isa = PBXGroup;
			children = (
				A78AA2E51EB7CB3E00D00A30 /* AdCrushVC.swift */,
				B53403A71EB8ECFF003AA4B3 /* GameScene.swift */,
				A7577FE91EBF882E001BAB44 /* BottomMenu.swift */,
				A776BDB01EBFA85F0025ED65 /* BuyMenu.swift */,
				A700633C1EC01F3000678380 /* ForSaleItemCell.swift */,
			);
			name = View;
			sourceTree = "<group>";
		};
		B53403CD1EB8F42A003AA4B3 /* Extensions */ = {
			isa = PBXGroup;
			children = (
				B53403CE1EB8F434003AA4B3 /* Extensions.swift */,
				A7C243251EB95D290005A5DE /* SpriteKit-Extensions.swift */,
			);
			name = Extensions;
			sourceTree = "<group>";
		};
		B53403D01EB8F6D2003AA4B3 /* Nodes */ = {
			isa = PBXGroup;
			children = (
				B53403D11EB8F6E0003AA4B3 /* Advertisement.swift */,
				A7C243271EB9698B0005A5DE /* AudioNode.swift */,
				A7577FE71EBF8489001BAB44 /* KarmaCounter.swift */,
				B524D3FA1EC4C07400251020 /* KPSCounter.swift */,
				B543639B1EC5056500B72B71 /* CrushAnimation.swift */,
			);
			name = Nodes;
			sourceTree = "<group>";
		};
/* End PBXGroup section */

/* Begin PBXNativeTarget section */
		A78AA2DF1EB7CB3E00D00A30 /* AdCrush */ = {
			isa = PBXNativeTarget;
			buildConfigurationList = A78AA2F21EB7CB3E00D00A30 /* Build configuration list for PBXNativeTarget "AdCrush" */;
			buildPhases = (
				F335C22EB4C90D4C70CDFC6B /* [CP] Check Pods Manifest.lock */,
				A78AA2DC1EB7CB3E00D00A30 /* Sources */,
				A78AA2DD1EB7CB3E00D00A30 /* Frameworks */,
				A78AA2DE1EB7CB3E00D00A30 /* Resources */,
				FEA2624118B9AA0358F17AE6 /* [CP] Embed Pods Frameworks */,
				56E6181C997B3F3904C7429C /* [CP] Copy Pods Resources */,
			);
			buildRules = (
			);
			dependencies = (
			);
			name = AdCrush;
			productName = AdCrush;
			productReference = A78AA2E01EB7CB3E00D00A30 /* AdCrush.app */;
			productType = "com.apple.product-type.application";
		};
/* End PBXNativeTarget section */

/* Begin PBXProject section */
		A78AA2D81EB7CB3E00D00A30 /* Project object */ = {
			isa = PBXProject;
			attributes = {
				LastSwiftUpdateCheck = 0830;
				LastUpgradeCheck = 0830;
				ORGANIZATIONNAME = "Oliver ";
				TargetAttributes = {
					A78AA2DF1EB7CB3E00D00A30 = {
						CreatedOnToolsVersion = 8.3;
						DevelopmentTeam = SRFS2YY3XR;
						ProvisioningStyle = Automatic;
					};
				};
			};
			buildConfigurationList = A78AA2DB1EB7CB3E00D00A30 /* Build configuration list for PBXProject "AdCrush" */;
			compatibilityVersion = "Xcode 3.2";
			developmentRegion = English;
			hasScannedForEncodings = 0;
			knownRegions = (
				en,
				Base,
			);
			mainGroup = A78AA2D71EB7CB3E00D00A30;
			productRefGroup = A78AA2E11EB7CB3E00D00A30 /* Products */;
			projectDirPath = "";
			projectRoot = "";
			targets = (
				A78AA2DF1EB7CB3E00D00A30 /* AdCrush */,
			);
		};
/* End PBXProject section */

/* Begin PBXResourcesBuildPhase section */
		A78AA2DE1EB7CB3E00D00A30 /* Resources */ = {
			isa = PBXResourcesBuildPhase;
			buildActionMask = 2147483647;
			files = (
				A7C772691ECCB4DA00DED8EF /* VT323-Regular.ttf in Resources */,
				B537E24C1EC5474300699FFD /* crumple1.aif in Resources */,
				A70063391EC0096800678380 /* Baloo-Regular.ttf in Resources */,
				B537E24B1EC5474300699FFD /* crumple2.aif in Resources */,
				A78AA2EB1EB7CB3E00D00A30 /* Assets.xcassets in Resources */,
				B537E2491EC5474300699FFD /* crumple4.aif in Resources */,
				B537E24A1EC5474300699FFD /* crumple3.aif in Resources */,
				A78AA2E91EB7CB3E00D00A30 /* Main.storyboard in Resources */,
			);
			runOnlyForDeploymentPostprocessing = 0;
		};
/* End PBXResourcesBuildPhase section */

/* Begin PBXShellScriptBuildPhase section */
		56E6181C997B3F3904C7429C /* [CP] Copy Pods Resources */ = {
			isa = PBXShellScriptBuildPhase;
			buildActionMask = 2147483647;
			files = (
			);
			inputPaths = (
			);
			name = "[CP] Copy Pods Resources";
			outputPaths = (
			);
			runOnlyForDeploymentPostprocessing = 0;
			shellPath = /bin/sh;
			shellScript = "\"${SRCROOT}/Pods/Target Support Files/Pods-AdCrush/Pods-AdCrush-resources.sh\"\n";
			showEnvVarsInLog = 0;
		};
		F335C22EB4C90D4C70CDFC6B /* [CP] Check Pods Manifest.lock */ = {
			isa = PBXShellScriptBuildPhase;
			buildActionMask = 2147483647;
			files = (
			);
			inputPaths = (
			);
			name = "[CP] Check Pods Manifest.lock";
			outputPaths = (
			);
			runOnlyForDeploymentPostprocessing = 0;
			shellPath = /bin/sh;
			shellScript = "diff \"${PODS_ROOT}/../Podfile.lock\" \"${PODS_ROOT}/Manifest.lock\" > /dev/null\nif [ $? != 0 ] ; then\n    # print error to STDERR\n    echo \"error: The sandbox is not in sync with the Podfile.lock. Run 'pod install' or update your CocoaPods installation.\" >&2\n    exit 1\nfi\n";
			showEnvVarsInLog = 0;
		};
		FEA2624118B9AA0358F17AE6 /* [CP] Embed Pods Frameworks */ = {
			isa = PBXShellScriptBuildPhase;
			buildActionMask = 2147483647;
			files = (
			);
			inputPaths = (
			);
			name = "[CP] Embed Pods Frameworks";
			outputPaths = (
			);
			runOnlyForDeploymentPostprocessing = 0;
			shellPath = /bin/sh;
			shellScript = "\"${SRCROOT}/Pods/Target Support Files/Pods-AdCrush/Pods-AdCrush-frameworks.sh\"\n";
			showEnvVarsInLog = 0;
		};
/* End PBXShellScriptBuildPhase section */

/* Begin PBXSourcesBuildPhase section */
		A78AA2DC1EB7CB3E00D00A30 /* Sources */ = {
			isa = PBXSourcesBuildPhase;
			buildActionMask = 2147483647;
			files = (
				A700633F1EC0C54700678380 /* ItemLevel.swift in Sources */,
				B53403A81EB8ECFF003AA4B3 /* GameScene.swift in Sources */,
				A7577FE81EBF8489001BAB44 /* KarmaCounter.swift in Sources */,
				A78AA2E61EB7CB3E00D00A30 /* AdCrushVC.swift in Sources */,
				A70063361EC003D300678380 /* MenuItemType.swift in Sources */,
				B53403D21EB8F6E0003AA4B3 /* Advertisement.swift in Sources */,
				A78AA2E41EB7CB3E00D00A30 /* AppDelegate.swift in Sources */,
				A700633B1EC01C2500678380 /* ForSaleItem.swift in Sources */,
				A776BDAC1EBF98D80025ED65 /* User.swift in Sources */,
				A700633D1EC01F3000678380 /* ForSaleItemCell.swift in Sources */,
				B53403CF1EB8F434003AA4B3 /* Extensions.swift in Sources */,
				B524D3FB1EC4C07400251020 /* KPSCounter.swift in Sources */,
				A776BDB11EBFA85F0025ED65 /* BuyMenu.swift in Sources */,
				A70063411EC0D5E400678380 /* RealmController.swift in Sources */,
				A7C243261EB95D290005A5DE /* SpriteKit-Extensions.swift in Sources */,
				A7577FEA1EBF882E001BAB44 /* BottomMenu.swift in Sources */,
				A7C243281EB9698B0005A5DE /* AudioNode.swift in Sources */,
				B543639C1EC5056500B72B71 /* CrushAnimation.swift in Sources */,
				A7577FE61EBF8048001BAB44 /* GameElement.swift in Sources */,
				A776BDAA1EBF98CB0025ED65 /* GameController.swift in Sources */,
				A776BDAF1EBF998F0025ED65 /* Palette.swift in Sources */,
			);
			runOnlyForDeploymentPostprocessing = 0;
		};
/* End PBXSourcesBuildPhase section */

/* Begin PBXVariantGroup section */
		A78AA2E71EB7CB3E00D00A30 /* Main.storyboard */ = {
			isa = PBXVariantGroup;
			children = (
				A78AA2E81EB7CB3E00D00A30 /* Base */,
			);
			name = Main.storyboard;
			sourceTree = "<group>";
		};
/* End PBXVariantGroup section */

/* Begin XCBuildConfiguration section */
		A78AA2F01EB7CB3E00D00A30 /* Debug */ = {
			isa = XCBuildConfiguration;
			buildSettings = {
				ALWAYS_SEARCH_USER_PATHS = NO;
				CLANG_ANALYZER_NONNULL = YES;
				CLANG_ANALYZER_NUMBER_OBJECT_CONVERSION = YES_AGGRESSIVE;
				CLANG_CXX_LANGUAGE_STANDARD = "gnu++0x";
				CLANG_CXX_LIBRARY = "libc++";
				CLANG_ENABLE_MODULES = YES;
				CLANG_ENABLE_OBJC_ARC = YES;
				CLANG_WARN_BOOL_CONVERSION = YES;
				CLANG_WARN_CONSTANT_CONVERSION = YES;
				CLANG_WARN_DIRECT_OBJC_ISA_USAGE = YES_ERROR;
				CLANG_WARN_DOCUMENTATION_COMMENTS = YES;
				CLANG_WARN_EMPTY_BODY = YES;
				CLANG_WARN_ENUM_CONVERSION = YES;
				CLANG_WARN_INFINITE_RECURSION = YES;
				CLANG_WARN_INT_CONVERSION = YES;
				CLANG_WARN_OBJC_ROOT_CLASS = YES_ERROR;
				CLANG_WARN_SUSPICIOUS_MOVE = YES;
				CLANG_WARN_UNREACHABLE_CODE = YES;
				CLANG_WARN__DUPLICATE_METHOD_MATCH = YES;
				"CODE_SIGN_IDENTITY[sdk=iphoneos*]" = "iPhone Developer";
				COPY_PHASE_STRIP = NO;
				DEBUG_INFORMATION_FORMAT = dwarf;
				ENABLE_STRICT_OBJC_MSGSEND = YES;
				ENABLE_TESTABILITY = YES;
				GCC_C_LANGUAGE_STANDARD = gnu99;
				GCC_DYNAMIC_NO_PIC = NO;
				GCC_NO_COMMON_BLOCKS = YES;
				GCC_OPTIMIZATION_LEVEL = 0;
				GCC_PREPROCESSOR_DEFINITIONS = (
					"DEBUG=1",
					"$(inherited)",
				);
				GCC_WARN_64_TO_32_BIT_CONVERSION = YES;
				GCC_WARN_ABOUT_RETURN_TYPE = YES_ERROR;
				GCC_WARN_UNDECLARED_SELECTOR = YES;
				GCC_WARN_UNINITIALIZED_AUTOS = YES_AGGRESSIVE;
				GCC_WARN_UNUSED_FUNCTION = YES;
				GCC_WARN_UNUSED_VARIABLE = YES;
				IPHONEOS_DEPLOYMENT_TARGET = 10.3;
				MTL_ENABLE_DEBUG_INFO = YES;
				ONLY_ACTIVE_ARCH = YES;
				SDKROOT = iphoneos;
				SWIFT_ACTIVE_COMPILATION_CONDITIONS = DEBUG;
				SWIFT_OPTIMIZATION_LEVEL = "-Onone";
				TARGETED_DEVICE_FAMILY = "1,2";
			};
			name = Debug;
		};
		A78AA2F11EB7CB3E00D00A30 /* Release */ = {
			isa = XCBuildConfiguration;
			buildSettings = {
				ALWAYS_SEARCH_USER_PATHS = NO;
				CLANG_ANALYZER_NONNULL = YES;
				CLANG_ANALYZER_NUMBER_OBJECT_CONVERSION = YES_AGGRESSIVE;
				CLANG_CXX_LANGUAGE_STANDARD = "gnu++0x";
				CLANG_CXX_LIBRARY = "libc++";
				CLANG_ENABLE_MODULES = YES;
				CLANG_ENABLE_OBJC_ARC = YES;
				CLANG_WARN_BOOL_CONVERSION = YES;
				CLANG_WARN_CONSTANT_CONVERSION = YES;
				CLANG_WARN_DIRECT_OBJC_ISA_USAGE = YES_ERROR;
				CLANG_WARN_DOCUMENTATION_COMMENTS = YES;
				CLANG_WARN_EMPTY_BODY = YES;
				CLANG_WARN_ENUM_CONVERSION = YES;
				CLANG_WARN_INFINITE_RECURSION = YES;
				CLANG_WARN_INT_CONVERSION = YES;
				CLANG_WARN_OBJC_ROOT_CLASS = YES_ERROR;
				CLANG_WARN_SUSPICIOUS_MOVE = YES;
				CLANG_WARN_UNREACHABLE_CODE = YES;
				CLANG_WARN__DUPLICATE_METHOD_MATCH = YES;
				"CODE_SIGN_IDENTITY[sdk=iphoneos*]" = "iPhone Developer";
				COPY_PHASE_STRIP = NO;
				DEBUG_INFORMATION_FORMAT = "dwarf-with-dsym";
				ENABLE_NS_ASSERTIONS = NO;
				ENABLE_STRICT_OBJC_MSGSEND = YES;
				GCC_C_LANGUAGE_STANDARD = gnu99;
				GCC_NO_COMMON_BLOCKS = YES;
				GCC_WARN_64_TO_32_BIT_CONVERSION = YES;
				GCC_WARN_ABOUT_RETURN_TYPE = YES_ERROR;
				GCC_WARN_UNDECLARED_SELECTOR = YES;
				GCC_WARN_UNINITIALIZED_AUTOS = YES_AGGRESSIVE;
				GCC_WARN_UNUSED_FUNCTION = YES;
				GCC_WARN_UNUSED_VARIABLE = YES;
				IPHONEOS_DEPLOYMENT_TARGET = 10.3;
				MTL_ENABLE_DEBUG_INFO = NO;
				SDKROOT = iphoneos;
				SWIFT_OPTIMIZATION_LEVEL = "-Owholemodule";
				TARGETED_DEVICE_FAMILY = "1,2";
				VALIDATE_PRODUCT = YES;
			};
			name = Release;
		};
		A78AA2F31EB7CB3E00D00A30 /* Debug */ = {
			isa = XCBuildConfiguration;
			baseConfigurationReference = A408D82485CDE34C981A679C /* Pods-AdCrush.debug.xcconfig */;
			buildSettings = {
				ASSETCATALOG_COMPILER_APPICON_NAME = AppIcon;
				DEVELOPMENT_TEAM = SRFS2YY3XR;
				INFOPLIST_FILE = AdCrush/Info.plist;
				LD_RUNPATH_SEARCH_PATHS = "$(inherited) @executable_path/Frameworks";
				PRODUCT_BUNDLE_IDENTIFIER = com.burningflowe.rs.AdCrush;
				PRODUCT_NAME = "$(TARGET_NAME)";
				SWIFT_VERSION = 3.0;
			};
			name = Debug;
		};
		A78AA2F41EB7CB3E00D00A30 /* Release */ = {
			isa = XCBuildConfiguration;
			baseConfigurationReference = 901D475C6EE6B130B58EE47C /* Pods-AdCrush.release.xcconfig */;
			buildSettings = {
				ASSETCATALOG_COMPILER_APPICON_NAME = AppIcon;
				DEVELOPMENT_TEAM = SRFS2YY3XR;
				INFOPLIST_FILE = AdCrush/Info.plist;
				LD_RUNPATH_SEARCH_PATHS = "$(inherited) @executable_path/Frameworks";
				PRODUCT_BUNDLE_IDENTIFIER = com.burningflowe.rs.AdCrush;
				PRODUCT_NAME = "$(TARGET_NAME)";
				SWIFT_VERSION = 3.0;
			};
			name = Release;
		};
/* End XCBuildConfiguration section */

/* Begin XCConfigurationList section */
		A78AA2DB1EB7CB3E00D00A30 /* Build configuration list for PBXProject "AdCrush" */ = {
			isa = XCConfigurationList;
			buildConfigurations = (
				A78AA2F01EB7CB3E00D00A30 /* Debug */,
				A78AA2F11EB7CB3E00D00A30 /* Release */,
			);
			defaultConfigurationIsVisible = 0;
			defaultConfigurationName = Release;
		};
		A78AA2F21EB7CB3E00D00A30 /* Build configuration list for PBXNativeTarget "AdCrush" */ = {
			isa = XCConfigurationList;
			buildConfigurations = (
				A78AA2F31EB7CB3E00D00A30 /* Debug */,
				A78AA2F41EB7CB3E00D00A30 /* Release */,
			);
			defaultConfigurationIsVisible = 0;
			defaultConfigurationName = Release;
		};
/* End XCConfigurationList section */
	};
	rootObject = A78AA2D81EB7CB3E00D00A30 /* Project object */;
}
